<?xml version="1.0" encoding="utf-8"?>
<Project ToolsVersion="4.0" xmlns="http://schemas.microsoft.com/developer/msbuild/2003">
  <ItemGroup>
    <ClCompile Include="Scenes\InGameScene.cpp" />
    <ClCompile Include="Scenes\SceneBase.cpp" />
    <ClCompile Include="Scenes\SceneManager.cpp" />
    <ClCompile Include="Scenes\Title.cpp" />
    <ClCompile Include="Utility\AppMain.cpp" />
    <ClCompile Include="Utility\InputControl.cpp" />
    <ClCompile Include="Utility\ResourceManager.cpp" />
    <ClCompile Include="Utility\Vector2D.cpp" />
    <ClCompile Include="Objects\GameObject.cpp" />
    <ClCompile Include="Utility\ProjectConfig.cpp" />
    <ClCompile Include="Scenes\EndScene.cpp" />
    <ClCompile Include="Scenes\ResultScene.cpp" />
    <ClCompile Include="Objects\Player\Player.cpp" />
    <ClCompile Include="StageData.cpp" />
    <ClCompile Include="Objects\Enemy\Enemy.cpp" />
    <ClCompile Include="Scenes\HelpScene.cpp" />
    <ClCompile Include="Objects\Item\Item.cpp" />
    <ClCompile Include="Utility\Collision.cpp" />
    <ClCompile Include="Objects\Player\StateMachine\Factory\PlayerStateFactory.cpp" />
    <ClCompile Include="Objects\Player\StateMachine\State\IdlingState.cpp" />
    <ClCompile Include="Objects\Player\StateMachine\State\JumpingState.cpp" />
    <ClCompile Include="Objects\Player\StateMachine\State\RollingState.cpp" />
    <ClCompile Include="Objects\Player\StateMachine\State\DyingState.cpp" />
    <ClCompile Include="Objects\Player\StateMachine\State\ClearState.cpp" />
    <ClCompile Include="Objects\Block\Block.cpp" />
    <ClCompile Include="Utility\GameDataManager.cpp" />
    <ClCompile Include="Utility\DrawNumber.cpp" />
  </ItemGroup>
  <ItemGroup>
    <Filter Include="Resource">
      <UniqueIdentifier>{adc8a8a2-48e2-4fb1-b717-cdd9727e1353}</UniqueIdentifier>
    </Filter>
    <Filter Include="Scene">
      <UniqueIdentifier>{f92d8faf-88c4-4532-a44a-a7c889a549f3}</UniqueIdentifier>
    </Filter>
    <Filter Include="Objects">
      <UniqueIdentifier>{3ef65006-eeb9-4160-a17c-6c54bf93fbb5}</UniqueIdentifier>
    </Filter>
    <Filter Include="Utility">
      <UniqueIdentifier>{fe0b315d-07cf-4f03-903e-69ca8fbe5b42}</UniqueIdentifier>
    </Filter>
  </ItemGroup>
  <ItemGroup>
    <ClInclude Include="Scenes\InGameScene.h" />
    <ClInclude Include="Scenes\SceneBase.h" />
    <ClInclude Include="Scenes\SceneManager.h" />
    <ClInclude Include="Scenes\Title.h" />
    <ClInclude Include="Utility\InputControl.h" />
    <ClInclude Include="Utility\ResourceManager.h" />
    <ClInclude Include="Utility\UserTemplate.h" />
    <ClInclude Include="Utility\Vector2D.h" />
    <ClInclude Include="Objects\GameObject.h" />
    <ClInclude Include="Utility\ProjectConfig.h" />
    <ClInclude Include="Scenes\EndScene.h" />
    <ClInclude Include="Scenes\ResultScene.h" />
    <ClInclude Include="Objects\Player\Player.h" />
    <ClInclude Include="StageData.h" />
    <ClInclude Include="Objects\Enemy\Enemy.h" />
    <ClInclude Include="Scenes\HelpScene.h" />
    <ClInclude Include="Objects\Item\Item.h" />
    <ClInclude Include="Utility\Collision.h" />
    <ClInclude Include="Objects\Player\StateMachine\Enum\PlayerState.h" />
    <ClInclude Include="Objects\Player\StateMachine\Factory\PlayerStateFactory.h" />
    <ClInclude Include="Objects\Player\StateMachine\PlayerStateBase.h" />
    <ClInclude Include="Objects\Player\StateMachine\State\IdlingState.h" />
    <ClInclude Include="Objects\Player\StateMachine\State\JumpingState.h" />
    <ClInclude Include="Objects\Player\StateMachine\State\RollingState.h" />
    <ClInclude Include="Objects\Player\StateMachine\State\DyingState.h" />
    <ClInclude Include="Objects\Player\StateMachine\State\ClearState.h" />
    <ClInclude Include="Objects\Block\Block.h" />
    <ClInclude Include="Utility\GameDataManager.h" />
    <ClInclude Include="Utility\DrawNumber.h" />
  </ItemGroup>
</Project>